
Microsoft Visual Studio Solution File, Format Version 12.00
# Visual Studio Version 17
VisualStudioVersion = 17.10.34916.146
MinimumVisualStudioVersion = 10.0.40219.1
Project("{FAE04EC0-301F-11D3-BF4B-00C04F79EFBC}") = "NamedPipelineServer", "NamedPipelineServer\NamedPipelineServer.csproj", "{EF535E10-97A3-426A-9C0A-6776E9B38008}"
EndProject
Global
	GlobalSection(SolutionConfigurationPlatforms) = preSolution
		Debug|Any CPU = Debug|Any CPU
		Release|Any CPU = Release|Any CPU
	EndGlobalSection
	GlobalSection(ProjectConfigurationPlatforms) = postSolution
		{EF535E10-97A3-426A-9C0A-6776E9B38008}.Debug|Any CPU.ActiveCfg = Debug|Any CPU
		{EF535E10-97A3-426A-9C0A-6776E9B38008}.Debug|Any CPU.Build.0 = Debug|Any CPU
		{EF535E10-97A3-426A-9C0A-6776E9B38008}.Release|Any CPU.ActiveCfg = Release|Any CPU
		{EF535E10-97A3-426A-9C0A-6776E9B38008}.Release|Any CPU.Build.0 = Release|Any CPU
	EndGlobalSection
	GlobalSection(SolutionProperties) = preSolution
		HideSolutionNode = FALSE
	EndGlobalSection
	GlobalSection(ExtensibilityGlobals) = postSolution
		SolutionGuid = {3E555303-0B11-468C-BBC4-1F77631CDC38}
	EndGlobalSection
EndGlobal
